{
  "version": 4,
  "terraform_version": "1.3.9",
  "serial": 7,
  "lineage": "be9b4306-fc79-78ee-9dbe-2e6d9f96d643",
  "outputs": {},
  "resources": [
    {
      "mode": "managed",
      "type": "local_file",
      "name": "literature",
      "provider": "provider[\"registry.terraform.io/hashicorp/local\"]",
      "instances": [
        {
          "schema_version": 0,
          "attributes": {
            "content": "Sun Tzu said: The art of war is of vital importance to the state.\n\nIt is a matter of life and death, a road either to safey or to ruin.ok\n\n",
            "content_base64": null,
            "directory_permission": "0777",
            "file_permission": "0777",
            "filename": "art_war.txt",
            "id": "2874433b899923f6a4b38b95d9eacf852f5ffbbb",
            "sensitive_content": null,
            "source": null
          },
          "sensitive_attributes": []
        }
      ]
    }
  ],
  "check_results": null
}
